packages:
  - package: dbt-labs/dbt_utils
<<<<<<< HEAD
    version: 1.2.0
sha1_hash: d4f259856543b0ef301e0b3b0bbc94ccb6b12a54
=======
    version: 1.3.0
  - package: calogica/dbt_expectations
    version: 0.10.4
  - package: calogica/dbt_date
    version: 0.10.1
sha1_hash: 76849041a61d4fb6a69694f11b1e8d3decc17def
>>>>>>> d9e7506f0db5ae7676f6203ff263e177a39a96d1
